// !$*UTF8*$!
{
	archiveVersion = 1;
	classes = {
	};
	objectVersion = 50;
	objects = {

/* Begin PBXBuildFile section */
		5D4D65F0255BB5A700ED1353 /* AppDelegate.m in Sources */ = {isa = PBXBuildFile; fileRef = 5D4D65EF255BB5A700ED1353 /* AppDelegate.m */; };
		5D4D65F3255BB5A700ED1353 /* SceneDelegate.m in Sources */ = {isa = PBXBuildFile; fileRef = 5D4D65F2255BB5A700ED1353 /* SceneDelegate.m */; };
		5D4D65FB255BB5A800ED1353 /* Assets.xcassets in Resources */ = {isa = PBXBuildFile; fileRef = 5D4D65FA255BB5A800ED1353 /* Assets.xcassets */; };
		5D4D65FE255BB5A800ED1353 /* LaunchScreen.storyboard in Resources */ = {isa = PBXBuildFile; fileRef = 5D4D65FC255BB5A800ED1353 /* LaunchScreen.storyboard */; };
		5D4D6601255BB5A800ED1353 /* main.m in Sources */ = {isa = PBXBuildFile; fileRef = 5D4D6600255BB5A800ED1353 /* main.m */; };
		5D4D6609255BB69000ED1353 /* DataManager.m in Sources */ = {isa = PBXBuildFile; fileRef = 5D4D6608255BB69000ED1353 /* DataManager.m */; };
		5D4D6612255BB6D500ED1353 /* Country.m in Sources */ = {isa = PBXBuildFile; fileRef = 5D4D660C255BB6D500ED1353 /* Country.m */; };
		5D4D6613255BB6D500ED1353 /* City.m in Sources */ = {isa = PBXBuildFile; fileRef = 5D4D660E255BB6D500ED1353 /* City.m */; };
		5D4D6614255BB6D500ED1353 /* Airport.m in Sources */ = {isa = PBXBuildFile; fileRef = 5D4D660F255BB6D500ED1353 /* Airport.m */; };
		5D4D661A255BB7E000ED1353 /* MainViewController.m in Sources */ = {isa = PBXBuildFile; fileRef = 5D4D6617255BB7E000ED1353 /* MainViewController.m */; };
		5D4D661B255BB7E000ED1353 /* SecondViewController.m in Sources */ = {isa = PBXBuildFile; fileRef = 5D4D6618255BB7E000ED1353 /* SecondViewController.m */; };
/* End PBXBuildFile section */

/* Begin PBXFileReference section */
		5D4D65EB255BB5A700ED1353 /* TicketsApp.app */ = {isa = PBXFileReference; explicitFileType = wrapper.application; includeInIndex = 0; path = TicketsApp.app; sourceTree = BUILT_PRODUCTS_DIR; };
		5D4D65EE255BB5A700ED1353 /* AppDelegate.h */ = {isa = PBXFileReference; lastKnownFileType = sourcecode.c.h; path = AppDelegate.h; sourceTree = "<group>"; };
		5D4D65EF255BB5A700ED1353 /* AppDelegate.m */ = {isa = PBXFileReference; lastKnownFileType = sourcecode.c.objc; path = AppDelegate.m; sourceTree = "<group>"; };
		5D4D65F1255BB5A700ED1353 /* SceneDelegate.h */ = {isa = PBXFileReference; lastKnownFileType = sourcecode.c.h; path = SceneDelegate.h; sourceTree = "<group>"; };
		5D4D65F2255BB5A700ED1353 /* SceneDelegate.m */ = {isa = PBXFileReference; lastKnownFileType = sourcecode.c.objc; path = SceneDelegate.m; sourceTree = "<group>"; };
		5D4D65FA255BB5A800ED1353 /* Assets.xcassets */ = {isa = PBXFileReference; lastKnownFileType = folder.assetcatalog; path = Assets.xcassets; sourceTree = "<group>"; };
		5D4D65FD255BB5A800ED1353 /* Base */ = {isa = PBXFileReference; lastKnownFileType = file.storyboard; name = Base; path = Base.lproj/LaunchScreen.storyboard; sourceTree = "<group>"; };
		5D4D65FF255BB5A800ED1353 /* Info.plist */ = {isa = PBXFileReference; lastKnownFileType = text.plist.xml; path = Info.plist; sourceTree = "<group>"; };
		5D4D6600255BB5A800ED1353 /* main.m */ = {isa = PBXFileReference; lastKnownFileType = sourcecode.c.objc; path = main.m; sourceTree = "<group>"; };
		5D4D6608255BB69000ED1353 /* DataManager.m */ = {isa = PBXFileReference; fileEncoding = 4; lastKnownFileType = sourcecode.c.objc; path = DataManager.m; sourceTree = "<group>"; };
		5D4D660A255BB6A100ED1353 /* DataManager.h */ = {isa = PBXFileReference; fileEncoding = 4; lastKnownFileType = sourcecode.c.h; path = DataManager.h; sourceTree = "<group>"; };
		5D4D660C255BB6D500ED1353 /* Country.m */ = {isa = PBXFileReference; fileEncoding = 4; lastKnownFileType = sourcecode.c.objc; path = Country.m; sourceTree = "<group>"; };
		5D4D660D255BB6D500ED1353 /* Airport.h */ = {isa = PBXFileReference; fileEncoding = 4; lastKnownFileType = sourcecode.c.h; path = Airport.h; sourceTree = "<group>"; };
		5D4D660E255BB6D500ED1353 /* City.m */ = {isa = PBXFileReference; fileEncoding = 4; lastKnownFileType = sourcecode.c.objc; path = City.m; sourceTree = "<group>"; };
		5D4D660F255BB6D500ED1353 /* Airport.m */ = {isa = PBXFileReference; fileEncoding = 4; lastKnownFileType = sourcecode.c.objc; path = Airport.m; sourceTree = "<group>"; };
		5D4D6610255BB6D500ED1353 /* Country.h */ = {isa = PBXFileReference; fileEncoding = 4; lastKnownFileType = sourcecode.c.h; path = Country.h; sourceTree = "<group>"; };
		5D4D6611255BB6D500ED1353 /* City.h */ = {isa = PBXFileReference; fileEncoding = 4; lastKnownFileType = sourcecode.c.h; path = City.h; sourceTree = "<group>"; };
		5D4D6616255BB7E000ED1353 /* SecondViewController.h */ = {isa = PBXFileReference; fileEncoding = 4; lastKnownFileType = sourcecode.c.h; path = SecondViewController.h; sourceTree = "<group>"; };
		5D4D6617255BB7E000ED1353 /* MainViewController.m */ = {isa = PBXFileReference; fileEncoding = 4; lastKnownFileType = sourcecode.c.objc; path = MainViewController.m; sourceTree = "<group>"; };
		5D4D6618255BB7E000ED1353 /* SecondViewController.m */ = {isa = PBXFileReference; fileEncoding = 4; lastKnownFileType = sourcecode.c.objc; path = SecondViewController.m; sourceTree = "<group>"; };
		5D4D6619255BB7E000ED1353 /* MainViewController.h */ = {isa = PBXFileReference; fileEncoding = 4; lastKnownFileType = sourcecode.c.h; path = MainViewController.h; sourceTree = "<group>"; };
/* End PBXFileReference section */

/* Begin PBXFrameworksBuildPhase section */
		5D4D65E8255BB5A700ED1353 /* Frameworks */ = {
			isa = PBXFrameworksBuildPhase;
			buildActionMask = 2147483647;
			files = (
			);
			runOnlyForDeploymentPostprocessing = 0;
		};
/* End PBXFrameworksBuildPhase section */

/* Begin PBXGroup section */
		5D4D65E2255BB5A700ED1353 = {
			isa = PBXGroup;
			children = (
				5D4D65ED255BB5A700ED1353 /* TicketsApp */,
				5D4D65EC255BB5A700ED1353 /* Products */,
			);
			sourceTree = "<group>";
		};
		5D4D65EC255BB5A700ED1353 /* Products */ = {
			isa = PBXGroup;
			children = (
				5D4D65EB255BB5A700ED1353 /* TicketsApp.app */,
			);
			name = Products;
			sourceTree = "<group>";
		};
		5D4D65ED255BB5A700ED1353 /* TicketsApp */ = {
			isa = PBXGroup;
			children = (
				5D4D6607255BB67500ED1353 /* Services */,
				5D4D660B255BB6D500ED1353 /* Models */,
				5D4D65EE255BB5A700ED1353 /* AppDelegate.h */,
				5D4D65EF255BB5A700ED1353 /* AppDelegate.m */,
				5D4D65F1255BB5A700ED1353 /* SceneDelegate.h */,
				5D4D65F2255BB5A700ED1353 /* SceneDelegate.m */,
				5D4D6615255BB7E000ED1353 /* ViewControllers */,
				5D4D65FA255BB5A800ED1353 /* Assets.xcassets */,
				5D4D65FC255BB5A800ED1353 /* LaunchScreen.storyboard */,
				5D4D65FF255BB5A800ED1353 /* Info.plist */,
				5D4D6600255BB5A800ED1353 /* main.m */,
			);
			path = TicketsApp;
			sourceTree = "<group>";
		};
		5D4D6607255BB67500ED1353 /* Services */ = {
			isa = PBXGroup;
			children = (
				5D4D660A255BB6A100ED1353 /* DataManager.h */,
				5D4D6608255BB69000ED1353 /* DataManager.m */,
			);
			path = Services;
			sourceTree = "<group>";
		};
		5D4D660B255BB6D500ED1353 /* Models */ = {
			isa = PBXGroup;
			children = (
				5D4D6610255BB6D500ED1353 /* Country.h */,
				5D4D660C255BB6D500ED1353 /* Country.m */,
				5D4D6611255BB6D500ED1353 /* City.h */,
				5D4D660E255BB6D500ED1353 /* City.m */,
				5D4D660D255BB6D500ED1353 /* Airport.h */,
				5D4D660F255BB6D500ED1353 /* Airport.m */,
			);
			path = Models;
			sourceTree = "<group>";
		};
		5D4D6615255BB7E000ED1353 /* ViewControllers */ = {
			isa = PBXGroup;
			children = (
				5D4D6619255BB7E000ED1353 /* MainViewController.h */,
				5D4D6617255BB7E000ED1353 /* MainViewController.m */,
				5D4D6616255BB7E000ED1353 /* SecondViewController.h */,
				5D4D6618255BB7E000ED1353 /* SecondViewController.m */,
			);
			path = ViewControllers;
			sourceTree = "<group>";
		};
/* End PBXGroup section */

/* Begin PBXNativeTarget section */
		5D4D65EA255BB5A700ED1353 /* TicketsApp */ = {
			isa = PBXNativeTarget;
			buildConfigurationList = 5D4D6604255BB5A800ED1353 /* Build configuration list for PBXNativeTarget "TicketsApp" */;
			buildPhases = (
				5D4D65E7255BB5A700ED1353 /* Sources */,
				5D4D65E8255BB5A700ED1353 /* Frameworks */,
				5D4D65E9255BB5A700ED1353 /* Resources */,
			);
			buildRules = (
			);
			dependencies = (
			);
			name = TicketsApp;
			productName = TicketsApp;
			productReference = 5D4D65EB255BB5A700ED1353 /* TicketsApp.app */;
			productType = "com.apple.product-type.application";
		};
/* End PBXNativeTarget section */

/* Begin PBXProject section */
		5D4D65E3255BB5A700ED1353 /* Project object */ = {
			isa = PBXProject;
			attributes = {
				LastUpgradeCheck = 1160;
				ORGANIZATIONNAME = "Vit K";
				TargetAttributes = {
					5D4D65EA255BB5A700ED1353 = {
						CreatedOnToolsVersion = 11.6;
					};
				};
			};
			buildConfigurationList = 5D4D65E6255BB5A700ED1353 /* Build configuration list for PBXProject "TicketsApp" */;
			compatibilityVersion = "Xcode 9.3";
			developmentRegion = en;
			hasScannedForEncodings = 0;
			knownRegions = (
				en,
				Base,
			);
			mainGroup = 5D4D65E2255BB5A700ED1353;
			productRefGroup = 5D4D65EC255BB5A700ED1353 /* Products */;
			projectDirPath = "";
			projectRoot = "";
			targets = (
				5D4D65EA255BB5A700ED1353 /* TicketsApp */,
			);
		};
/* End PBXProject section */

/* Begin PBXResourcesBuildPhase section */
		5D4D65E9255BB5A700ED1353 /* Resources */ = {
			isa = PBXResourcesBuildPhase;
			buildActionMask = 2147483647;
			files = (
				5D4D65FE255BB5A800ED1353 /* LaunchScreen.storyboard in Resources */,
				5D4D65FB255BB5A800ED1353 /* Assets.xcassets in Resources */,
			);
			runOnlyForDeploymentPostprocessing = 0;
		};
/* End PBXResourcesBuildPhase section */

/* Begin PBXSourcesBuildPhase section */
		5D4D65E7255BB5A700ED1353 /* Sources */ = {
			isa = PBXSourcesBuildPhase;
			buildActionMask = 2147483647;
			files = (
				5D4D661B255BB7E000ED1353 /* SecondViewController.m in Sources */,
				5D4D6609255BB69000ED1353 /* DataManager.m in Sources */,
				5D4D65F0255BB5A700ED1353 /* AppDelegate.m in Sources */,
				5D4D6601255BB5A800ED1353 /* main.m in Sources */,
				5D4D661A255BB7E000ED1353 /* MainViewController.m in Sources */,
				5D4D6612255BB6D500ED1353 /* Country.m in Sources */,
				5D4D6614255BB6D500ED1353 /* Airport.m in Sources */,
				5D4D6613255BB6D500ED1353 /* City.m in Sources */,
				5D4D65F3255BB5A700ED1353 /* SceneDelegate.m in Sources */,
			);
			runOnlyForDeploymentPostprocessing = 0;
		};
/* End PBXSourcesBuildPhase section */

/* Begin PBXVariantGroup section */
		5D4D65FC255BB5A800ED1353 /* LaunchScreen.storyboard */ = {
			isa = PBXVariantGroup;
			children = (
				5D4D65FD255BB5A800ED1353 /* Base */,
			);
			name = LaunchScreen.storyboard;
			sourceTree = "<group>";
		};
/* End PBXVariantGroup section */

/* Begin XCBuildConfiguration section */
		5D4D6602255BB5A800ED1353 /* Debug */ = {
			isa = XCBuildConfiguration;
			buildSettings = {
				ALWAYS_SEARCH_USER_PATHS = NO;
				CLANG_ANALYZER_NONNULL = YES;
				CLANG_ANALYZER_NUMBER_OBJECT_CONVERSION = YES_AGGRESSIVE;
				CLANG_CXX_LANGUAGE_STANDARD = "gnu++14";
				CLANG_CXX_LIBRARY = "libc++";
				CLANG_ENABLE_MODULES = YES;
				CLANG_ENABLE_OBJC_ARC = YES;
				CLANG_ENABLE_OBJC_WEAK = YES;
				CLANG_WARN_BLOCK_CAPTURE_AUTORELEASING = YES;
				CLANG_WARN_BOOL_CONVERSION = YES;
				CLANG_WARN_COMMA = YES;
				CLANG_WARN_CONSTANT_CONVERSION = YES;
				CLANG_WARN_DEPRECATED_OBJC_IMPLEMENTATIONS = YES;
				CLANG_WARN_DIRECT_OBJC_ISA_USAGE = YES_ERROR;
				CLANG_WARN_DOCUMENTATION_COMMENTS = YES;
				CLANG_WARN_EMPTY_BODY = YES;
				CLANG_WARN_ENUM_CONVERSION = YES;
				CLANG_WARN_INFINITE_RECURSION = YES;
				CLANG_WARN_INT_CONVERSION = YES;
				CLANG_WARN_NON_LITERAL_NULL_CONVERSION = YES;
				CLANG_WARN_OBJC_IMPLICIT_RETAIN_SELF = YES;
				CLANG_WARN_OBJC_LITERAL_CONVERSION = YES;
				CLANG_WARN_OBJC_ROOT_CLASS = YES_ERROR;
				CLANG_WARN_RANGE_LOOP_ANALYSIS = YES;
				CLANG_WARN_STRICT_PROTOTYPES = YES;
				CLANG_WARN_SUSPICIOUS_MOVE = YES;
				CLANG_WARN_UNGUARDED_AVAILABILITY = YES_AGGRESSIVE;
				CLANG_WARN_UNREACHABLE_CODE = YES;
				CLANG_WARN__DUPLICATE_METHOD_MATCH = YES;
				COPY_PHASE_STRIP = NO;
				DEBUG_INFORMATION_FORMAT = dwarf;
				ENABLE_STRICT_OBJC_MSGSEND = YES;
				ENABLE_TESTABILITY = YES;
				GCC_C_LANGUAGE_STANDARD = gnu11;
				GCC_DYNAMIC_NO_PIC = NO;
				GCC_NO_COMMON_BLOCKS = YES;
				GCC_OPTIMIZATION_LEVEL = 0;
				GCC_PREPROCESSOR_DEFINITIONS = (
					"DEBUG=1",
					"$(inherited)",
				);
				GCC_WARN_64_TO_32_BIT_CONVERSION = YES;
				GCC_WARN_ABOUT_RETURN_TYPE = YES_ERROR;
				GCC_WARN_UNDECLARED_SELECTOR = YES;
				GCC_WARN_UNINITIALIZED_AUTOS = YES_AGGRESSIVE;
				GCC_WARN_UNUSED_FUNCTION = YES;
				GCC_WARN_UNUSED_VARIABLE = YES;
				IPHONEOS_DEPLOYMENT_TARGET = 13.6;
				MTL_ENABLE_DEBUG_INFO = INCLUDE_SOURCE;
				MTL_FAST_MATH = YES;
				ONLY_ACTIVE_ARCH = YES;
				SDKROOT = iphoneos;
			};
			name = Debug;
		};
		5D4D6603255BB5A800ED1353 /* Release */ = {
			isa = XCBuildConfiguration;
			buildSettings = {
				ALWAYS_SEARCH_USER_PATHS = NO;
				CLANG_ANALYZER_NONNULL = YES;
				CLANG_ANALYZER_NUMBER_OBJECT_CONVERSION = YES_AGGRESSIVE;
				CLANG_CXX_LANGUAGE_STANDARD = "gnu++14";
				CLANG_CXX_LIBRARY = "libc++";
				CLANG_ENABLE_MODULES = YES;
				CLANG_ENABLE_OBJC_ARC = YES;
				CLANG_ENABLE_OBJC_WEAK = YES;
				CLANG_WARN_BLOCK_CAPTURE_AUTORELEASING = YES;
				CLANG_WARN_BOOL_CONVERSION = YES;
				CLANG_WARN_COMMA = YES;
				CLANG_WARN_CONSTANT_CONVERSION = YES;
				CLANG_WARN_DEPRECATED_OBJC_IMPLEMENTATIONS = YES;
				CLANG_WARN_DIRECT_OBJC_ISA_USAGE = YES_ERROR;
				CLANG_WARN_DOCUMENTATION_COMMENTS = YES;
				CLANG_WARN_EMPTY_BODY = YES;
				CLANG_WARN_ENUM_CONVERSION = YES;
				CLANG_WARN_INFINITE_RECURSION = YES;
				CLANG_WARN_INT_CONVERSION = YES;
				CLANG_WARN_NON_LITERAL_NULL_CONVERSION = YES;
				CLANG_WARN_OBJC_IMPLICIT_RETAIN_SELF = YES;
				CLANG_WARN_OBJC_LITERAL_CONVERSION = YES;
				CLANG_WARN_OBJC_ROOT_CLASS = YES_ERROR;
				CLANG_WARN_RANGE_LOOP_ANALYSIS = YES;
				CLANG_WARN_STRICT_PROTOTYPES = YES;
				CLANG_WARN_SUSPICIOUS_MOVE = YES;
				CLANG_WARN_UNGUARDED_AVAILABILITY = YES_AGGRESSIVE;
				CLANG_WARN_UNREACHABLE_CODE = YES;
				CLANG_WARN__DUPLICATE_METHOD_MATCH = YES;
				COPY_PHASE_STRIP = NO;
				DEBUG_INFORMATION_FORMAT = "dwarf-with-dsym";
				ENABLE_NS_ASSERTIONS = NO;
				ENABLE_STRICT_OBJC_MSGSEND = YES;
				GCC_C_LANGUAGE_STANDARD = gnu11;
				GCC_NO_COMMON_BLOCKS = YES;
				GCC_WARN_64_TO_32_BIT_CONVERSION = YES;
				GCC_WARN_ABOUT_RETURN_TYPE = YES_ERROR;
				GCC_WARN_UNDECLARED_SELECTOR = YES;
				GCC_WARN_UNINITIALIZED_AUTOS = YES_AGGRESSIVE;
				GCC_WARN_UNUSED_FUNCTION = YES;
				GCC_WARN_UNUSED_VARIABLE = YES;
				IPHONEOS_DEPLOYMENT_TARGET = 13.6;
				MTL_ENABLE_DEBUG_INFO = NO;
				MTL_FAST_MATH = YES;
				SDKROOT = iphoneos;
				VALIDATE_PRODUCT = YES;
			};
			name = Release;
		};
		5D4D6605255BB5A800ED1353 /* Debug */ = {
			isa = XCBuildConfiguration;
			buildSettings = {
				ASSETCATALOG_COMPILER_APPICON_NAME = AppIcon;
				CODE_SIGN_STYLE = Automatic;
				DEVELOPMENT_TEAM = Q5PBRQ5CWD;
				INFOPLIST_FILE = TicketsApp/Info.plist;
				LD_RUNPATH_SEARCH_PATHS = (
					"$(inherited)",
					"@executable_path/Frameworks",
				);
				PRODUCT_BUNDLE_IDENTIFIER = Vit.TicketsApp;
				PRODUCT_NAME = "$(TARGET_NAME)";
				TARGETED_DEVICE_FAMILY = "1,2";
			};
			name = Debug;
		};
		5D4D6606255BB5A800ED1353 /* Release */ = {
			isa = XCBuildConfiguration;
			buildSettings = {
				ASSETCATALOG_COMPILER_APPICON_NAME = AppIcon;
				CODE_SIGN_STYLE = Automatic;
				DEVELOPMENT_TEAM = Q5PBRQ5CWD;
				INFOPLIST_FILE = TicketsApp/Info.plist;
				LD_RUNPATH_SEARCH_PATHS = (
					"$(inherited)",
					"@executable_path/Frameworks",
				);
				PRODUCT_BUNDLE_IDENTIFIER = Vit.TicketsApp;
				PRODUCT_NAME = "$(TARGET_NAME)";
				TARGETED_DEVICE_FAMILY = "1,2";
			};
			name = Release;
		};
/* End XCBuildConfiguration section */

/* Begin XCConfigurationList section */
		5D4D65E6255BB5A700ED1353 /* Build configuration list for PBXProject "TicketsApp" */ = {
			isa = XCConfigurationList;
			buildConfigurations = (
				5D4D6602255BB5A800ED1353 /* Debug */,
				5D4D6603255BB5A800ED1353 /* Release */,
			);
			defaultConfigurationIsVisible = 0;
			defaultConfigurationName = Release;
		};
		5D4D6604255BB5A800ED1353 /* Build configuration list for PBXNativeTarget "TicketsApp" */ = {
			isa = XCConfigurationList;
			buildConfigurations = (
				5D4D6605255BB5A800ED1353 /* Debug */,
				5D4D6606255BB5A800ED1353 /* Release */,
			);
			defaultConfigurationIsVisible = 0;
			defaultConfigurationName = Release;
		};
/* End XCConfigurationList section */
	};
	rootObject = 5D4D65E3255BB5A700ED1353 /* Project object */;
}
